{
  "name": "@syntavra/install",
  "version": "0.0.1",
  "lockfileVersion": 3,
  "requires": true,
  "packages": {
    "": {
      "name": "@syntavra/install",
      "version": "0.0.1",
      "license": "MIT",
      "bin": {
        "syntavra-install": "install/index.mjs"
      },
      "engines": {
        "node": ">=18"
      }
    }
  }
}
